
Microsoft Visual Studio Solution File, Format Version 12.00
# Visual Studio 14
VisualStudioVersion = 14.0.23107.0
MinimumVisualStudioVersion = 10.0.40219.1
Project("{FAE04EC0-301F-11D3-BF4B-00C04F79EFBC}") = "CvStudio", "CvStudio\CvStudio.csproj", "{2CC36E15-9799-44E1-9577-08A4D689179C}"
EndProject
Project("{FAE04EC0-301F-11D3-BF4B-00C04F79EFBC}") = "CvStudio.Core", "CvStudio.Core\CvStudio.Core.csproj", "{F159F72D-8D4F-476D-B944-386535DAA070}"
EndProject
Project("{FAE04EC0-301F-11D3-BF4B-00C04F79EFBC}") = "CvStudio.Tests", "CvStudio.Tests\CvStudio.Tests.csproj", "{5FEAA70F-320A-42E8-BDA0-76E4B33DAF31}"
EndProject
Global
	GlobalSection(SolutionConfigurationPlatforms) = preSolution
		Debug|Any CPU = Debug|Any CPU
		Release|Any CPU = Release|Any CPU
	EndGlobalSection
	GlobalSection(ProjectConfigurationPlatforms) = postSolution
		{2CC36E15-9799-44E1-9577-08A4D689179C}.Debug|Any CPU.ActiveCfg = Debug|Any CPU
		{2CC36E15-9799-44E1-9577-08A4D689179C}.Debug|Any CPU.Build.0 = Debug|Any CPU
		{2CC36E15-9799-44E1-9577-08A4D689179C}.Debug|Any CPU.Deploy.0 = Debug|Any CPU
		{2CC36E15-9799-44E1-9577-08A4D689179C}.Release|Any CPU.ActiveCfg = Release|Any CPU
		{2CC36E15-9799-44E1-9577-08A4D689179C}.Release|Any CPU.Build.0 = Release|Any CPU
		{2CC36E15-9799-44E1-9577-08A4D689179C}.Release|Any CPU.Deploy.0 = Release|Any CPU
		{F159F72D-8D4F-476D-B944-386535DAA070}.Debug|Any CPU.ActiveCfg = Debug|Any CPU
		{F159F72D-8D4F-476D-B944-386535DAA070}.Debug|Any CPU.Build.0 = Debug|Any CPU
		{F159F72D-8D4F-476D-B944-386535DAA070}.Release|Any CPU.ActiveCfg = Release|Any CPU
		{F159F72D-8D4F-476D-B944-386535DAA070}.Release|Any CPU.Build.0 = Release|Any CPU
		{5FEAA70F-320A-42E8-BDA0-76E4B33DAF31}.Debug|Any CPU.ActiveCfg = Debug|Any CPU
		{5FEAA70F-320A-42E8-BDA0-76E4B33DAF31}.Debug|Any CPU.Build.0 = Debug|Any CPU
		{5FEAA70F-320A-42E8-BDA0-76E4B33DAF31}.Release|Any CPU.ActiveCfg = Release|Any CPU
		{5FEAA70F-320A-42E8-BDA0-76E4B33DAF31}.Release|Any CPU.Build.0 = Release|Any CPU
	EndGlobalSection
	GlobalSection(SolutionProperties) = preSolution
		HideSolutionNode = FALSE
	EndGlobalSection
EndGlobal
